// !$*UTF8*$!
{
	archiveVersion = 1;
	classes = {
	};
	objectVersion = 55;
	objects = {

/* Begin PBXBuildFile section */
		53C7F6CD28509EC200E64128 /* AppDelegate.swift in Sources */ = {isa = PBXBuildFile; fileRef = 53C7F6CC28509EC200E64128 /* AppDelegate.swift */; };
		53C7F6CF28509EC200E64128 /* SceneDelegate.swift in Sources */ = {isa = PBXBuildFile; fileRef = 53C7F6CE28509EC200E64128 /* SceneDelegate.swift */; };
		53C7F6D128509EC200E64128 /* ViewController.swift in Sources */ = {isa = PBXBuildFile; fileRef = 53C7F6D028509EC200E64128 /* ViewController.swift */; };
		53C7F6D428509EC200E64128 /* Main.storyboard in Resources */ = {isa = PBXBuildFile; fileRef = 53C7F6D228509EC200E64128 /* Main.storyboard */; };
		53C7F6D628509EC300E64128 /* Assets.xcassets in Resources */ = {isa = PBXBuildFile; fileRef = 53C7F6D528509EC300E64128 /* Assets.xcassets */; };
		53C7F6D928509EC300E64128 /* LaunchScreen.storyboard in Resources */ = {isa = PBXBuildFile; fileRef = 53C7F6D728509EC300E64128 /* LaunchScreen.storyboard */; };
		53C7F6E428509EC400E64128 /* NumberScrollerTests.swift in Sources */ = {isa = PBXBuildFile; fileRef = 53C7F6E328509EC400E64128 /* NumberScrollerTests.swift */; };
		53C7F6EE28509EC400E64128 /* NumberScrollerUITests.swift in Sources */ = {isa = PBXBuildFile; fileRef = 53C7F6ED28509EC400E64128 /* NumberScrollerUITests.swift */; };
		53C7F6F028509EC400E64128 /* NumberScrollerUITestsLaunchTests.swift in Sources */ = {isa = PBXBuildFile; fileRef = 53C7F6EF28509EC400E64128 /* NumberScrollerUITestsLaunchTests.swift */; };
		53C7F6FE28509F2300E64128 /* FloatingNumberView.swift in Sources */ = {isa = PBXBuildFile; fileRef = 53C7F6FD28509F2300E64128 /* FloatingNumberView.swift */; };
		53C7F70028509F6900E64128 /* FloatingNumberCounter.swift in Sources */ = {isa = PBXBuildFile; fileRef = 53C7F6FF28509F6900E64128 /* FloatingNumberCounter.swift */; };
		53C7F70228509F9900E64128 /* FloatingAnimationManager.swift in Sources */ = {isa = PBXBuildFile; fileRef = 53C7F70128509F9900E64128 /* FloatingAnimationManager.swift */; };
		53E219C22872D09C002F13B0 /* NumberScrollerProtocols.swift in Sources */ = {isa = PBXBuildFile; fileRef = 53E219C12872D09C002F13B0 /* NumberScrollerProtocols.swift */; };
/* End PBXBuildFile section */

/* Begin PBXContainerItemProxy section */
		53C7F6E028509EC400E64128 /* PBXContainerItemProxy */ = {
			isa = PBXContainerItemProxy;
			containerPortal = 53C7F6C128509EC200E64128 /* Project object */;
			proxyType = 1;
			remoteGlobalIDString = 53C7F6C828509EC200E64128;
			remoteInfo = NumberScroller;
		};
		53C7F6EA28509EC400E64128 /* PBXContainerItemProxy */ = {
			isa = PBXContainerItemProxy;
			containerPortal = 53C7F6C128509EC200E64128 /* Project object */;
			proxyType = 1;
			remoteGlobalIDString = 53C7F6C828509EC200E64128;
			remoteInfo = NumberScroller;
		};
/* End PBXContainerItemProxy section */

/* Begin PBXFileReference section */
		53C7F6C928509EC200E64128 /* NumberScroller.app */ = {isa = PBXFileReference; explicitFileType = wrapper.application; includeInIndex = 0; path = NumberScroller.app; sourceTree = BUILT_PRODUCTS_DIR; };
		53C7F6CC28509EC200E64128 /* AppDelegate.swift */ = {isa = PBXFileReference; lastKnownFileType = sourcecode.swift; path = AppDelegate.swift; sourceTree = "<group>"; };
		53C7F6CE28509EC200E64128 /* SceneDelegate.swift */ = {isa = PBXFileReference; lastKnownFileType = sourcecode.swift; path = SceneDelegate.swift; sourceTree = "<group>"; };
		53C7F6D028509EC200E64128 /* ViewController.swift */ = {isa = PBXFileReference; lastKnownFileType = sourcecode.swift; path = ViewController.swift; sourceTree = "<group>"; };
		53C7F6D328509EC200E64128 /* Base */ = {isa = PBXFileReference; lastKnownFileType = file.storyboard; name = Base; path = Base.lproj/Main.storyboard; sourceTree = "<group>"; };
		53C7F6D528509EC300E64128 /* Assets.xcassets */ = {isa = PBXFileReference; lastKnownFileType = folder.assetcatalog; path = Assets.xcassets; sourceTree = "<group>"; };
		53C7F6D828509EC300E64128 /* Base */ = {isa = PBXFileReference; lastKnownFileType = file.storyboard; name = Base; path = Base.lproj/LaunchScreen.storyboard; sourceTree = "<group>"; };
		53C7F6DA28509EC300E64128 /* Info.plist */ = {isa = PBXFileReference; lastKnownFileType = text.plist.xml; path = Info.plist; sourceTree = "<group>"; };
		53C7F6DF28509EC400E64128 /* NumberScrollerTests.xctest */ = {isa = PBXFileReference; explicitFileType = wrapper.cfbundle; includeInIndex = 0; path = NumberScrollerTests.xctest; sourceTree = BUILT_PRODUCTS_DIR; };
		53C7F6E328509EC400E64128 /* NumberScrollerTests.swift */ = {isa = PBXFileReference; lastKnownFileType = sourcecode.swift; path = NumberScrollerTests.swift; sourceTree = "<group>"; };
		53C7F6E928509EC400E64128 /* NumberScrollerUITests.xctest */ = {isa = PBXFileReference; explicitFileType = wrapper.cfbundle; includeInIndex = 0; path = NumberScrollerUITests.xctest; sourceTree = BUILT_PRODUCTS_DIR; };
		53C7F6ED28509EC400E64128 /* NumberScrollerUITests.swift */ = {isa = PBXFileReference; lastKnownFileType = sourcecode.swift; path = NumberScrollerUITests.swift; sourceTree = "<group>"; };
		53C7F6EF28509EC400E64128 /* NumberScrollerUITestsLaunchTests.swift */ = {isa = PBXFileReference; lastKnownFileType = sourcecode.swift; path = NumberScrollerUITestsLaunchTests.swift; sourceTree = "<group>"; };
		53C7F6FD28509F2300E64128 /* FloatingNumberView.swift */ = {isa = PBXFileReference; lastKnownFileType = sourcecode.swift; path = FloatingNumberView.swift; sourceTree = "<group>"; };
		53C7F6FF28509F6900E64128 /* FloatingNumberCounter.swift */ = {isa = PBXFileReference; lastKnownFileType = sourcecode.swift; path = FloatingNumberCounter.swift; sourceTree = "<group>"; };
		53C7F70128509F9900E64128 /* FloatingAnimationManager.swift */ = {isa = PBXFileReference; lastKnownFileType = sourcecode.swift; path = FloatingAnimationManager.swift; sourceTree = "<group>"; };
		53E219C12872D09C002F13B0 /* NumberScrollerProtocols.swift */ = {isa = PBXFileReference; lastKnownFileType = sourcecode.swift; path = NumberScrollerProtocols.swift; sourceTree = "<group>"; };
/* End PBXFileReference section */

/* Begin PBXFrameworksBuildPhase section */
		53C7F6C628509EC200E64128 /* Frameworks */ = {
			isa = PBXFrameworksBuildPhase;
			buildActionMask = 2147483647;
			files = (
			);
			runOnlyForDeploymentPostprocessing = 0;
		};
		53C7F6DC28509EC400E64128 /* Frameworks */ = {
			isa = PBXFrameworksBuildPhase;
			buildActionMask = 2147483647;
			files = (
			);
			runOnlyForDeploymentPostprocessing = 0;
		};
		53C7F6E628509EC400E64128 /* Frameworks */ = {
			isa = PBXFrameworksBuildPhase;
			buildActionMask = 2147483647;
			files = (
			);
			runOnlyForDeploymentPostprocessing = 0;
		};
/* End PBXFrameworksBuildPhase section */

/* Begin PBXGroup section */
		53C7F6C028509EC200E64128 = {
			isa = PBXGroup;
			children = (
				53C7F6CB28509EC200E64128 /* NumberScroller */,
				53C7F6E228509EC400E64128 /* NumberScrollerTests */,
				53C7F6EC28509EC400E64128 /* NumberScrollerUITests */,
				53C7F6CA28509EC200E64128 /* Products */,
			);
			sourceTree = "<group>";
		};
		53C7F6CA28509EC200E64128 /* Products */ = {
			isa = PBXGroup;
			children = (
				53C7F6C928509EC200E64128 /* NumberScroller.app */,
				53C7F6DF28509EC400E64128 /* NumberScrollerTests.xctest */,
				53C7F6E928509EC400E64128 /* NumberScrollerUITests.xctest */,
			);
			name = Products;
			sourceTree = "<group>";
		};
		53C7F6CB28509EC200E64128 /* NumberScroller */ = {
			isa = PBXGroup;
			children = (
				53C7F6FC28509F1A00E64128 /* Scollr */,
				53C7F6CC28509EC200E64128 /* AppDelegate.swift */,
				53C7F6CE28509EC200E64128 /* SceneDelegate.swift */,
				53C7F6D028509EC200E64128 /* ViewController.swift */,
				53C7F6D228509EC200E64128 /* Main.storyboard */,
				53C7F6D528509EC300E64128 /* Assets.xcassets */,
				53C7F6D728509EC300E64128 /* LaunchScreen.storyboard */,
				53C7F6DA28509EC300E64128 /* Info.plist */,
			);
			path = NumberScroller;
			sourceTree = "<group>";
		};
		53C7F6E228509EC400E64128 /* NumberScrollerTests */ = {
			isa = PBXGroup;
			children = (
				53C7F6E328509EC400E64128 /* NumberScrollerTests.swift */,
			);
			path = NumberScrollerTests;
			sourceTree = "<group>";
		};
		53C7F6EC28509EC400E64128 /* NumberScrollerUITests */ = {
			isa = PBXGroup;
			children = (
				53C7F6ED28509EC400E64128 /* NumberScrollerUITests.swift */,
				53C7F6EF28509EC400E64128 /* NumberScrollerUITestsLaunchTests.swift */,
			);
			path = NumberScrollerUITests;
			sourceTree = "<group>";
		};
		53C7F6FC28509F1A00E64128 /* Scollr */ = {
			isa = PBXGroup;
			children = (
				53C7F6FD28509F2300E64128 /* FloatingNumberView.swift */,
				53C7F6FF28509F6900E64128 /* FloatingNumberCounter.swift */,
				53C7F70128509F9900E64128 /* FloatingAnimationManager.swift */,
				53E219C12872D09C002F13B0 /* NumberScrollerProtocols.swift */,
			);
			path = Scollr;
			sourceTree = "<group>";
		};
/* End PBXGroup section */

/* Begin PBXNativeTarget section */
		53C7F6C828509EC200E64128 /* NumberScroller */ = {
			isa = PBXNativeTarget;
			buildConfigurationList = 53C7F6F328509EC400E64128 /* Build configuration list for PBXNativeTarget "NumberScroller" */;
			buildPhases = (
				53C7F6C528509EC200E64128 /* Sources */,
				53C7F6C628509EC200E64128 /* Frameworks */,
				53C7F6C728509EC200E64128 /* Resources */,
			);
			buildRules = (
			);
			dependencies = (
			);
			name = NumberScroller;
			productName = NumberScroller;
			productReference = 53C7F6C928509EC200E64128 /* NumberScroller.app */;
			productType = "com.apple.product-type.application";
		};
		53C7F6DE28509EC400E64128 /* NumberScrollerTests */ = {
			isa = PBXNativeTarget;
			buildConfigurationList = 53C7F6F628509EC400E64128 /* Build configuration list for PBXNativeTarget "NumberScrollerTests" */;
			buildPhases = (
				53C7F6DB28509EC400E64128 /* Sources */,
				53C7F6DC28509EC400E64128 /* Frameworks */,
				53C7F6DD28509EC400E64128 /* Resources */,
			);
			buildRules = (
			);
			dependencies = (
				53C7F6E128509EC400E64128 /* PBXTargetDependency */,
			);
			name = NumberScrollerTests;
			productName = NumberScrollerTests;
			productReference = 53C7F6DF28509EC400E64128 /* NumberScrollerTests.xctest */;
			productType = "com.apple.product-type.bundle.unit-test";
		};
		53C7F6E828509EC400E64128 /* NumberScrollerUITests */ = {
			isa = PBXNativeTarget;
			buildConfigurationList = 53C7F6F928509EC400E64128 /* Build configuration list for PBXNativeTarget "NumberScrollerUITests" */;
			buildPhases = (
				53C7F6E528509EC400E64128 /* Sources */,
				53C7F6E628509EC400E64128 /* Frameworks */,
				53C7F6E728509EC400E64128 /* Resources */,
			);
			buildRules = (
			);
			dependencies = (
				53C7F6EB28509EC400E64128 /* PBXTargetDependency */,
			);
			name = NumberScrollerUITests;
			productName = NumberScrollerUITests;
			productReference = 53C7F6E928509EC400E64128 /* NumberScrollerUITests.xctest */;
			productType = "com.apple.product-type.bundle.ui-testing";
		};
/* End PBXNativeTarget section */

/* Begin PBXProject section */
		53C7F6C128509EC200E64128 /* Project object */ = {
			isa = PBXProject;
			attributes = {
				BuildIndependentTargetsInParallel = 1;
				LastSwiftUpdateCheck = 1330;
				LastUpgradeCheck = 1330;
				TargetAttributes = {
					53C7F6C828509EC200E64128 = {
						CreatedOnToolsVersion = 13.3.1;
					};
					53C7F6DE28509EC400E64128 = {
						CreatedOnToolsVersion = 13.3.1;
						TestTargetID = 53C7F6C828509EC200E64128;
					};
					53C7F6E828509EC400E64128 = {
						CreatedOnToolsVersion = 13.3.1;
						TestTargetID = 53C7F6C828509EC200E64128;
					};
				};
			};
			buildConfigurationList = 53C7F6C428509EC200E64128 /* Build configuration list for PBXProject "NumberScroller" */;
			compatibilityVersion = "Xcode 13.0";
			developmentRegion = en;
			hasScannedForEncodings = 0;
			knownRegions = (
				en,
				Base,
			);
			mainGroup = 53C7F6C028509EC200E64128;
			productRefGroup = 53C7F6CA28509EC200E64128 /* Products */;
			projectDirPath = "";
			projectRoot = "";
			targets = (
				53C7F6C828509EC200E64128 /* NumberScroller */,
				53C7F6DE28509EC400E64128 /* NumberScrollerTests */,
				53C7F6E828509EC400E64128 /* NumberScrollerUITests */,
			);
		};
/* End PBXProject section */

/* Begin PBXResourcesBuildPhase section */
		53C7F6C728509EC200E64128 /* Resources */ = {
			isa = PBXResourcesBuildPhase;
			buildActionMask = 2147483647;
			files = (
				53C7F6D928509EC300E64128 /* LaunchScreen.storyboard in Resources */,
				53C7F6D628509EC300E64128 /* Assets.xcassets in Resources */,
				53C7F6D428509EC200E64128 /* Main.storyboard in Resources */,
			);
			runOnlyForDeploymentPostprocessing = 0;
		};
		53C7F6DD28509EC400E64128 /* Resources */ = {
			isa = PBXResourcesBuildPhase;
			buildActionMask = 2147483647;
			files = (
			);
			runOnlyForDeploymentPostprocessing = 0;
		};
		53C7F6E728509EC400E64128 /* Resources */ = {
			isa = PBXResourcesBuildPhase;
			buildActionMask = 2147483647;
			files = (
			);
			runOnlyForDeploymentPostprocessing = 0;
		};
/* End PBXResourcesBuildPhase section */

/* Begin PBXSourcesBuildPhase section */
		53C7F6C528509EC200E64128 /* Sources */ = {
			isa = PBXSourcesBuildPhase;
			buildActionMask = 2147483647;
			files = (
				53C7F6FE28509F2300E64128 /* FloatingNumberView.swift in Sources */,
				53C7F70028509F6900E64128 /* FloatingNumberCounter.swift in Sources */,
				53E219C22872D09C002F13B0 /* NumberScrollerProtocols.swift in Sources */,
				53C7F6D128509EC200E64128 /* ViewController.swift in Sources */,
				53C7F70228509F9900E64128 /* FloatingAnimationManager.swift in Sources */,
				53C7F6CD28509EC200E64128 /* AppDelegate.swift in Sources */,
				53C7F6CF28509EC200E64128 /* SceneDelegate.swift in Sources */,
			);
			runOnlyForDeploymentPostprocessing = 0;
		};
		53C7F6DB28509EC400E64128 /* Sources */ = {
			isa = PBXSourcesBuildPhase;
			buildActionMask = 2147483647;
			files = (
				53C7F6E428509EC400E64128 /* NumberScrollerTests.swift in Sources */,
			);
			runOnlyForDeploymentPostprocessing = 0;
		};
		53C7F6E528509EC400E64128 /* Sources */ = {
			isa = PBXSourcesBuildPhase;
			buildActionMask = 2147483647;
			files = (
				53C7F6EE28509EC400E64128 /* NumberScrollerUITests.swift in Sources */,
				53C7F6F028509EC400E64128 /* NumberScrollerUITestsLaunchTests.swift in Sources */,
			);
			runOnlyForDeploymentPostprocessing = 0;
		};
/* End PBXSourcesBuildPhase section */

/* Begin PBXTargetDependency section */
		53C7F6E128509EC400E64128 /* PBXTargetDependency */ = {
			isa = PBXTargetDependency;
			target = 53C7F6C828509EC200E64128 /* NumberScroller */;
			targetProxy = 53C7F6E028509EC400E64128 /* PBXContainerItemProxy */;
		};
		53C7F6EB28509EC400E64128 /* PBXTargetDependency */ = {
			isa = PBXTargetDependency;
			target = 53C7F6C828509EC200E64128 /* NumberScroller */;
			targetProxy = 53C7F6EA28509EC400E64128 /* PBXContainerItemProxy */;
		};
/* End PBXTargetDependency section */

/* Begin PBXVariantGroup section */
		53C7F6D228509EC200E64128 /* Main.storyboard */ = {
			isa = PBXVariantGroup;
			children = (
				53C7F6D328509EC200E64128 /* Base */,
			);
			name = Main.storyboard;
			sourceTree = "<group>";
		};
		53C7F6D728509EC300E64128 /* LaunchScreen.storyboard */ = {
			isa = PBXVariantGroup;
			children = (
				53C7F6D828509EC300E64128 /* Base */,
			);
			name = LaunchScreen.storyboard;
			sourceTree = "<group>";
		};
/* End PBXVariantGroup section */

/* Begin XCBuildConfiguration section */
		53C7F6F128509EC400E64128 /* Debug */ = {
			isa = XCBuildConfiguration;
			buildSettings = {
				ALWAYS_SEARCH_USER_PATHS = NO;
				CLANG_ANALYZER_NONNULL = YES;
				CLANG_ANALYZER_NUMBER_OBJECT_CONVERSION = YES_AGGRESSIVE;
				CLANG_CXX_LANGUAGE_STANDARD = "gnu++17";
				CLANG_ENABLE_MODULES = YES;
				CLANG_ENABLE_OBJC_ARC = YES;
				CLANG_ENABLE_OBJC_WEAK = YES;
				CLANG_WARN_BLOCK_CAPTURE_AUTORELEASING = YES;
				CLANG_WARN_BOOL_CONVERSION = YES;
				CLANG_WARN_COMMA = YES;
				CLANG_WARN_CONSTANT_CONVERSION = YES;
				CLANG_WARN_DEPRECATED_OBJC_IMPLEMENTATIONS = YES;
				CLANG_WARN_DIRECT_OBJC_ISA_USAGE = YES_ERROR;
				CLANG_WARN_DOCUMENTATION_COMMENTS = YES;
				CLANG_WARN_EMPTY_BODY = YES;
				CLANG_WARN_ENUM_CONVERSION = YES;
				CLANG_WARN_INFINITE_RECURSION = YES;
				CLANG_WARN_INT_CONVERSION = YES;
				CLANG_WARN_NON_LITERAL_NULL_CONVERSION = YES;
				CLANG_WARN_OBJC_IMPLICIT_RETAIN_SELF = YES;
				CLANG_WARN_OBJC_LITERAL_CONVERSION = YES;
				CLANG_WARN_OBJC_ROOT_CLASS = YES_ERROR;
				CLANG_WARN_QUOTED_INCLUDE_IN_FRAMEWORK_HEADER = YES;
				CLANG_WARN_RANGE_LOOP_ANALYSIS = YES;
				CLANG_WARN_STRICT_PROTOTYPES = YES;
				CLANG_WARN_SUSPICIOUS_MOVE = YES;
				CLANG_WARN_UNGUARDED_AVAILABILITY = YES_AGGRESSIVE;
				CLANG_WARN_UNREACHABLE_CODE = YES;
				CLANG_WARN__DUPLICATE_METHOD_MATCH = YES;
				COPY_PHASE_STRIP = NO;
				DEBUG_INFORMATION_FORMAT = dwarf;
				ENABLE_STRICT_OBJC_MSGSEND = YES;
				ENABLE_TESTABILITY = YES;
				GCC_C_LANGUAGE_STANDARD = gnu11;
				GCC_DYNAMIC_NO_PIC = NO;
				GCC_NO_COMMON_BLOCKS = YES;
				GCC_OPTIMIZATION_LEVEL = 0;
				GCC_PREPROCESSOR_DEFINITIONS = (
					"DEBUG=1",
					"$(inherited)",
				);
				GCC_WARN_64_TO_32_BIT_CONVERSION = YES;
				GCC_WARN_ABOUT_RETURN_TYPE = YES_ERROR;
				GCC_WARN_UNDECLARED_SELECTOR = YES;
				GCC_WARN_UNINITIALIZED_AUTOS = YES_AGGRESSIVE;
				GCC_WARN_UNUSED_FUNCTION = YES;
				GCC_WARN_UNUSED_VARIABLE = YES;
				IPHONEOS_DEPLOYMENT_TARGET = 15.4;
				MTL_ENABLE_DEBUG_INFO = INCLUDE_SOURCE;
				MTL_FAST_MATH = YES;
				ONLY_ACTIVE_ARCH = YES;
				SDKROOT = iphoneos;
				SWIFT_ACTIVE_COMPILATION_CONDITIONS = DEBUG;
				SWIFT_OPTIMIZATION_LEVEL = "-Onone";
			};
			name = Debug;
		};
		53C7F6F228509EC400E64128 /* Release */ = {
			isa = XCBuildConfiguration;
			buildSettings = {
				ALWAYS_SEARCH_USER_PATHS = NO;
				CLANG_ANALYZER_NONNULL = YES;
				CLANG_ANALYZER_NUMBER_OBJECT_CONVERSION = YES_AGGRESSIVE;
				CLANG_CXX_LANGUAGE_STANDARD = "gnu++17";
				CLANG_ENABLE_MODULES = YES;
				CLANG_ENABLE_OBJC_ARC = YES;
				CLANG_ENABLE_OBJC_WEAK = YES;
				CLANG_WARN_BLOCK_CAPTURE_AUTORELEASING = YES;
				CLANG_WARN_BOOL_CONVERSION = YES;
				CLANG_WARN_COMMA = YES;
				CLANG_WARN_CONSTANT_CONVERSION = YES;
				CLANG_WARN_DEPRECATED_OBJC_IMPLEMENTATIONS = YES;
				CLANG_WARN_DIRECT_OBJC_ISA_USAGE = YES_ERROR;
				CLANG_WARN_DOCUMENTATION_COMMENTS = YES;
				CLANG_WARN_EMPTY_BODY = YES;
				CLANG_WARN_ENUM_CONVERSION = YES;
				CLANG_WARN_INFINITE_RECURSION = YES;
				CLANG_WARN_INT_CONVERSION = YES;
				CLANG_WARN_NON_LITERAL_NULL_CONVERSION = YES;
				CLANG_WARN_OBJC_IMPLICIT_RETAIN_SELF = YES;
				CLANG_WARN_OBJC_LITERAL_CONVERSION = YES;
				CLANG_WARN_OBJC_ROOT_CLASS = YES_ERROR;
				CLANG_WARN_QUOTED_INCLUDE_IN_FRAMEWORK_HEADER = YES;
				CLANG_WARN_RANGE_LOOP_ANALYSIS = YES;
				CLANG_WARN_STRICT_PROTOTYPES = YES;
				CLANG_WARN_SUSPICIOUS_MOVE = YES;
				CLANG_WARN_UNGUARDED_AVAILABILITY = YES_AGGRESSIVE;
				CLANG_WARN_UNREACHABLE_CODE = YES;
				CLANG_WARN__DUPLICATE_METHOD_MATCH = YES;
				COPY_PHASE_STRIP = NO;
				DEBUG_INFORMATION_FORMAT = "dwarf-with-dsym";
				ENABLE_NS_ASSERTIONS = NO;
				ENABLE_STRICT_OBJC_MSGSEND = YES;
				GCC_C_LANGUAGE_STANDARD = gnu11;
				GCC_NO_COMMON_BLOCKS = YES;
				GCC_WARN_64_TO_32_BIT_CONVERSION = YES;
				GCC_WARN_ABOUT_RETURN_TYPE = YES_ERROR;
				GCC_WARN_UNDECLARED_SELECTOR = YES;
				GCC_WARN_UNINITIALIZED_AUTOS = YES_AGGRESSIVE;
				GCC_WARN_UNUSED_FUNCTION = YES;
				GCC_WARN_UNUSED_VARIABLE = YES;
				IPHONEOS_DEPLOYMENT_TARGET = 15.4;
				MTL_ENABLE_DEBUG_INFO = NO;
				MTL_FAST_MATH = YES;
				SDKROOT = iphoneos;
				SWIFT_COMPILATION_MODE = wholemodule;
				SWIFT_OPTIMIZATION_LEVEL = "-O";
				VALIDATE_PRODUCT = YES;
			};
			name = Release;
		};
		53C7F6F428509EC400E64128 /* Debug */ = {
			isa = XCBuildConfiguration;
			buildSettings = {
				ASSETCATALOG_COMPILER_APPICON_NAME = AppIcon;
				ASSETCATALOG_COMPILER_GLOBAL_ACCENT_COLOR_NAME = AccentColor;
				CODE_SIGN_STYLE = Automatic;
				CURRENT_PROJECT_VERSION = 1;
				DEVELOPMENT_TEAM = 95Q8H6K2TQ;
				GENERATE_INFOPLIST_FILE = YES;
				INFOPLIST_FILE = NumberScroller/Info.plist;
				INFOPLIST_KEY_UIApplicationSupportsIndirectInputEvents = YES;
				INFOPLIST_KEY_UILaunchStoryboardName = LaunchScreen;
				INFOPLIST_KEY_UIMainStoryboardFile = Main;
				INFOPLIST_KEY_UISupportedInterfaceOrientations_iPad = "UIInterfaceOrientationPortrait UIInterfaceOrientationPortraitUpsideDown UIInterfaceOrientationLandscapeLeft UIInterfaceOrientationLandscapeRight";
				INFOPLIST_KEY_UISupportedInterfaceOrientations_iPhone = "UIInterfaceOrientationPortrait UIInterfaceOrientationLandscapeLeft UIInterfaceOrientationLandscapeRight";
				LD_RUNPATH_SEARCH_PATHS = (
					"$(inherited)",
					"@executable_path/Frameworks",
				);
				MARKETING_VERSION = 1.0;
				PRODUCT_BUNDLE_IDENTIFIER = com.ss.NumberScroller;
				PRODUCT_NAME = "$(TARGET_NAME)";
				SWIFT_EMIT_LOC_STRINGS = YES;
				SWIFT_VERSION = 5.0;
				TARGETED_DEVICE_FAMILY = "1,2";
			};
			name = Debug;
		};
		53C7F6F528509EC400E64128 /* Release */ = {
			isa = XCBuildConfiguration;
			buildSettings = {
				ASSETCATALOG_COMPILER_APPICON_NAME = AppIcon;
				ASSETCATALOG_COMPILER_GLOBAL_ACCENT_COLOR_NAME = AccentColor;
				CODE_SIGN_STYLE = Automatic;
				CURRENT_PROJECT_VERSION = 1;
				DEVELOPMENT_TEAM = 95Q8H6K2TQ;
				GENERATE_INFOPLIST_FILE = YES;
				INFOPLIST_FILE = NumberScroller/Info.plist;
				INFOPLIST_KEY_UIApplicationSupportsIndirectInputEvents = YES;
				INFOPLIST_KEY_UILaunchStoryboardName = LaunchScreen;
				INFOPLIST_KEY_UIMainStoryboardFile = Main;
				INFOPLIST_KEY_UISupportedInterfaceOrientations_iPad = "UIInterfaceOrientationPortrait UIInterfaceOrientationPortraitUpsideDown UIInterfaceOrientationLandscapeLeft UIInterfaceOrientationLandscapeRight";
				INFOPLIST_KEY_UISupportedInterfaceOrientations_iPhone = "UIInterfaceOrientationPortrait UIInterfaceOrientationLandscapeLeft UIInterfaceOrientationLandscapeRight";
				LD_RUNPATH_SEARCH_PATHS = (
					"$(inherited)",
					"@executable_path/Frameworks",
				);
				MARKETING_VERSION = 1.0;
				PRODUCT_BUNDLE_IDENTIFIER = com.ss.NumberScroller;
				PRODUCT_NAME = "$(TARGET_NAME)";
				SWIFT_EMIT_LOC_STRINGS = YES;
				SWIFT_VERSION = 5.0;
				TARGETED_DEVICE_FAMILY = "1,2";
			};
			name = Release;
		};
		53C7F6F728509EC400E64128 /* Debug */ = {
			isa = XCBuildConfiguration;
			buildSettings = {
				ALWAYS_EMBED_SWIFT_STANDARD_LIBRARIES = YES;
				BUNDLE_LOADER = "$(TEST_HOST)";
				CODE_SIGN_STYLE = Automatic;
				CURRENT_PROJECT_VERSION = 1;
				DEVELOPMENT_TEAM = 95Q8H6K2TQ;
				GENERATE_INFOPLIST_FILE = YES;
				IPHONEOS_DEPLOYMENT_TARGET = 15.4;
				MARKETING_VERSION = 1.0;
				PRODUCT_BUNDLE_IDENTIFIER = com.ss.NumberScrollerTests;
				PRODUCT_NAME = "$(TARGET_NAME)";
				SWIFT_EMIT_LOC_STRINGS = NO;
				SWIFT_VERSION = 5.0;
				TARGETED_DEVICE_FAMILY = "1,2";
				TEST_HOST = "$(BUILT_PRODUCTS_DIR)/NumberScroller.app/NumberScroller";
			};
			name = Debug;
		};
		53C7F6F828509EC400E64128 /* Release */ = {
			isa = XCBuildConfiguration;
			buildSettings = {
				ALWAYS_EMBED_SWIFT_STANDARD_LIBRARIES = YES;
				BUNDLE_LOADER = "$(TEST_HOST)";
				CODE_SIGN_STYLE = Automatic;
				CURRENT_PROJECT_VERSION = 1;
				DEVELOPMENT_TEAM = 95Q8H6K2TQ;
				GENERATE_INFOPLIST_FILE = YES;
				IPHONEOS_DEPLOYMENT_TARGET = 15.4;
				MARKETING_VERSION = 1.0;
				PRODUCT_BUNDLE_IDENTIFIER = com.ss.NumberScrollerTests;
				PRODUCT_NAME = "$(TARGET_NAME)";
				SWIFT_EMIT_LOC_STRINGS = NO;
				SWIFT_VERSION = 5.0;
				TARGETED_DEVICE_FAMILY = "1,2";
				TEST_HOST = "$(BUILT_PRODUCTS_DIR)/NumberScroller.app/NumberScroller";
			};
			name = Release;
		};
		53C7F6FA28509EC400E64128 /* Debug */ = {
			isa = XCBuildConfiguration;
			buildSettings = {
				ALWAYS_EMBED_SWIFT_STANDARD_LIBRARIES = YES;
				CODE_SIGN_STYLE = Automatic;
				CURRENT_PROJECT_VERSION = 1;
				DEVELOPMENT_TEAM = 95Q8H6K2TQ;
				GENERATE_INFOPLIST_FILE = YES;
				MARKETING_VERSION = 1.0;
				PRODUCT_BUNDLE_IDENTIFIER = com.ss.NumberScrollerUITests;
				PRODUCT_NAME = "$(TARGET_NAME)";
				SWIFT_EMIT_LOC_STRINGS = NO;
				SWIFT_VERSION = 5.0;
				TARGETED_DEVICE_FAMILY = "1,2";
				TEST_TARGET_NAME = NumberScroller;
			};
			name = Debug;
		};
		53C7F6FB28509EC400E64128 /* Release */ = {
			isa = XCBuildConfiguration;
			buildSettings = {
				ALWAYS_EMBED_SWIFT_STANDARD_LIBRARIES = YES;
				CODE_SIGN_STYLE = Automatic;
				CURRENT_PROJECT_VERSION = 1;
				DEVELOPMENT_TEAM = 95Q8H6K2TQ;
				GENERATE_INFOPLIST_FILE = YES;
				MARKETING_VERSION = 1.0;
				PRODUCT_BUNDLE_IDENTIFIER = com.ss.NumberScrollerUITests;
				PRODUCT_NAME = "$(TARGET_NAME)";
				SWIFT_EMIT_LOC_STRINGS = NO;
				SWIFT_VERSION = 5.0;
				TARGETED_DEVICE_FAMILY = "1,2";
				TEST_TARGET_NAME = NumberScroller;
			};
			name = Release;
		};
/* End XCBuildConfiguration section */

/* Begin XCConfigurationList section */
		53C7F6C428509EC200E64128 /* Build configuration list for PBXProject "NumberScroller" */ = {
			isa = XCConfigurationList;
			buildConfigurations = (
				53C7F6F128509EC400E64128 /* Debug */,
				53C7F6F228509EC400E64128 /* Release */,
			);
			defaultConfigurationIsVisible = 0;
			defaultConfigurationName = Release;
		};
		53C7F6F328509EC400E64128 /* Build configuration list for PBXNativeTarget "NumberScroller" */ = {
			isa = XCConfigurationList;
			buildConfigurations = (
				53C7F6F428509EC400E64128 /* Debug */,
				53C7F6F528509EC400E64128 /* Release */,
			);
			defaultConfigurationIsVisible = 0;
			defaultConfigurationName = Release;
		};
		53C7F6F628509EC400E64128 /* Build configuration list for PBXNativeTarget "NumberScrollerTests" */ = {
			isa = XCConfigurationList;
			buildConfigurations = (
				53C7F6F728509EC400E64128 /* Debug */,
				53C7F6F828509EC400E64128 /* Release */,
			);
			defaultConfigurationIsVisible = 0;
			defaultConfigurationName = Release;
		};
		53C7F6F928509EC400E64128 /* Build configuration list for PBXNativeTarget "NumberScrollerUITests" */ = {
			isa = XCConfigurationList;
			buildConfigurations = (
				53C7F6FA28509EC400E64128 /* Debug */,
				53C7F6FB28509EC400E64128 /* Release */,
			);
			defaultConfigurationIsVisible = 0;
			defaultConfigurationName = Release;
		};
/* End XCConfigurationList section */
	};
	rootObject = 53C7F6C128509EC200E64128 /* Project object */;
}
